
Microsoft Visual Studio Solution File, Format Version 11.00
# Visual Studio 2010
# SharpDevelop 5.1
Project("{FAE04EC0-301F-11D3-BF4B-00C04F79EFBC}") = "BRClient", "BRClient\BRClient.csproj", "{ACD2813C-B53B-4687-80F6-753F649AD138}"
EndProject
Global
	GlobalSection(SolutionConfigurationPlatforms) = preSolution
		Debug|Any CPU = Debug|Any CPU
		Release|Any CPU = Release|Any CPU
	EndGlobalSection
	GlobalSection(ProjectConfigurationPlatforms) = postSolution
		{ACD2813C-B53B-4687-80F6-753F649AD138}.Debug|Any CPU.ActiveCfg = Debug|Any CPU
		{ACD2813C-B53B-4687-80F6-753F649AD138}.Debug|Any CPU.Build.0 = Debug|Any CPU
		{ACD2813C-B53B-4687-80F6-753F649AD138}.Release|Any CPU.ActiveCfg = Release|Any CPU
		{ACD2813C-B53B-4687-80F6-753F649AD138}.Release|Any CPU.Build.0 = Release|Any CPU
	EndGlobalSection
EndGlobal
